github.com/scrouthtv/termios/bwin v0.0.0-20210308142455-18ff562dddf8 h1:3EIqA+UoH7cnQ2V5vJ2rWiHamLhmrQE/bPEMDQIkmEE=
github.com/scrouthtv/termios/bwin v0.0.0-20210308142455-18ff562dddf8/go.mod h1:mnEeYWly5YoXI1Jkj+YCd/wR8vL90XussOM8NSWWuHU=
github.com/xo/terminfo v0.0.0-20210125001918-ca9a967f8778 h1:QldyIu/L63oPpyvQmHgvgickp1Yw510KJOqX7H24mg8=
github.com/xo/terminfo v0.0.0-20210125001918-ca9a967f8778/go.mod h1:2MuV+tbUrU1zIOPMxZ5EncGwgmMJsa+9ucAQZXxsObs=
golang.org/x/sys v0.0.0-20210305230114-8fe3ee5dd75b h1:ggRgirZABFolTmi3sn6Ivd9SipZwLedQ5wR0aAKnFxU=
golang.org/x/sys v0.0.0-20210305230114-8fe3ee5dd75b/go.mod h1:h1NjWce9XRLGQEsW7wpKNCjG9DtNlClVuFLEZdDNbEs=
