github.com/scrouthtv/termios v0.0.0-20210216125743-1b0887406147 h1:Gutzu/LjU9SMBs1LyZqGL/i9LCCx7cmDiC2pAaq9vZM=
github.com/scrouthtv/termios v0.0.0-20210216125743-1b0887406147/go.mod h1:smp1vVRZ1Piw3IZsR8UBEfV7gSQPlhSB/J/w+6TsfMw=
github.com/xo/terminfo v0.0.0-20210125001918-ca9a967f8778 h1:QldyIu/L63oPpyvQmHgvgickp1Yw510KJOqX7H24mg8=
github.com/xo/terminfo v0.0.0-20210125001918-ca9a967f8778/go.mod h1:2MuV+tbUrU1zIOPMxZ5EncGwgmMJsa+9ucAQZXxsObs=
golang.org/x/sys v0.0.0-20210124154548-22da62e12c0c h1:VwygUrnw9jn88c4u8GD3rZQbqrP/tgas88tPUbBxQrk=
golang.org/x/sys v0.0.0-20210124154548-22da62e12c0c/go.mod h1:h1NjWce9XRLGQEsW7wpKNCjG9DtNlClVuFLEZdDNbEs=
